
Microsoft Visual Studio Solution File, Format Version 12.00
# Visual Studio Version 17
VisualStudioVersion = 17.10.35122.118
MinimumVisualStudioVersion = 10.0.40219.1
Project("{9A19103F-16F7-4668-BE54-9A1E7A4F7556}") = "RagnaRuneString", "RagnaRunestring\RagnaRuneString.csproj", "{488FC9F0-FF24-4C3B-8841-D04F32C62B2D}"
EndProject
Project("{9A19103F-16F7-4668-BE54-9A1E7A4F7556}") = "RagnaRuneStringTest", "RagnaRunestringTest\RagnaRuneStringTest.csproj", "{2E1EF300-E250-402E-861D-37B75C7FD4EB}"
EndProject
Project("{2150E333-8FDC-42A3-9474-1A3956D46DE8}") = "Solution Items", "Solution Items", "{68BF3EE3-6EDC-4B46-809C-583C950A113F}"
	ProjectSection(SolutionItems) = preProject
		..\.github\workflows\dotnet.yml = ..\.github\workflows\dotnet.yml
	EndProjectSection
EndProject
Global
	GlobalSection(SolutionConfigurationPlatforms) = preSolution
		Debug|Any CPU = Debug|Any CPU
		Release|Any CPU = Release|Any CPU
	EndGlobalSection
	GlobalSection(ProjectConfigurationPlatforms) = postSolution
		{488FC9F0-FF24-4C3B-8841-D04F32C62B2D}.Debug|Any CPU.ActiveCfg = Debug|Any CPU
		{488FC9F0-FF24-4C3B-8841-D04F32C62B2D}.Debug|Any CPU.Build.0 = Debug|Any CPU
		{488FC9F0-FF24-4C3B-8841-D04F32C62B2D}.Release|Any CPU.ActiveCfg = Release|Any CPU
		{488FC9F0-FF24-4C3B-8841-D04F32C62B2D}.Release|Any CPU.Build.0 = Release|Any CPU
		{2E1EF300-E250-402E-861D-37B75C7FD4EB}.Debug|Any CPU.ActiveCfg = Debug|Any CPU
		{2E1EF300-E250-402E-861D-37B75C7FD4EB}.Debug|Any CPU.Build.0 = Debug|Any CPU
		{2E1EF300-E250-402E-861D-37B75C7FD4EB}.Release|Any CPU.ActiveCfg = Release|Any CPU
		{2E1EF300-E250-402E-861D-37B75C7FD4EB}.Release|Any CPU.Build.0 = Release|Any CPU
	EndGlobalSection
	GlobalSection(SolutionProperties) = preSolution
		HideSolutionNode = FALSE
	EndGlobalSection
	GlobalSection(ExtensibilityGlobals) = postSolution
		SolutionGuid = {8BF16498-A16C-4219-8028-FFDB998C7B66}
	EndGlobalSection
EndGlobal
